
Microsoft Visual Studio Solution File, Format Version 12.00
# Visual Studio 15
VisualStudioVersion = 15.0.28307.102
MinimumVisualStudioVersion = 10.0.40219.1
Project("{FAE04EC0-301F-11D3-BF4B-00C04F79EFBC}") = "Server", "Server\Server.csproj", "{DB80F5BE-077E-4EC2-B849-A2F21E1D1872}"
EndProject
Global
	GlobalSection(SolutionConfigurationPlatforms) = preSolution
		Debug|Any CPU = Debug|Any CPU
		Release|Any CPU = Release|Any CPU
	EndGlobalSection
	GlobalSection(ProjectConfigurationPlatforms) = postSolution
		{DB80F5BE-077E-4EC2-B849-A2F21E1D1872}.Debug|Any CPU.ActiveCfg = Debug|Any CPU
		{DB80F5BE-077E-4EC2-B849-A2F21E1D1872}.Debug|Any CPU.Build.0 = Debug|Any CPU
		{DB80F5BE-077E-4EC2-B849-A2F21E1D1872}.Release|Any CPU.ActiveCfg = Release|Any CPU
		{DB80F5BE-077E-4EC2-B849-A2F21E1D1872}.Release|Any CPU.Build.0 = Release|Any CPU
	EndGlobalSection
	GlobalSection(SolutionProperties) = preSolution
		HideSolutionNode = FALSE
	EndGlobalSection
	GlobalSection(ExtensibilityGlobals) = postSolution
		SolutionGuid = {78302188-7997-449B-890F-71589E565B2A}
	EndGlobalSection
EndGlobal
